
Microsoft Visual Studio Solution File, Format Version 12.00
# Visual Studio Version 17
VisualStudioVersion = 17.9.34728.123
MinimumVisualStudioVersion = 10.0.40219.1
Project("{FAE04EC0-301F-11D3-BF4B-00C04F79EFBC}") = "classWork(C#) 13.06.24", "classWork(C#) 13.06.24\classWork(C#) 13.06.24.csproj", "{BCF76A26-3590-4178-88D8-5B65CCB3A4BD}"
EndProject
Global
	GlobalSection(SolutionConfigurationPlatforms) = preSolution
		Debug|Any CPU = Debug|Any CPU
		Release|Any CPU = Release|Any CPU
	EndGlobalSection
	GlobalSection(ProjectConfigurationPlatforms) = postSolution
		{BCF76A26-3590-4178-88D8-5B65CCB3A4BD}.Debug|Any CPU.ActiveCfg = Debug|Any CPU
		{BCF76A26-3590-4178-88D8-5B65CCB3A4BD}.Debug|Any CPU.Build.0 = Debug|Any CPU
		{BCF76A26-3590-4178-88D8-5B65CCB3A4BD}.Release|Any CPU.ActiveCfg = Release|Any CPU
		{BCF76A26-3590-4178-88D8-5B65CCB3A4BD}.Release|Any CPU.Build.0 = Release|Any CPU
	EndGlobalSection
	GlobalSection(SolutionProperties) = preSolution
		HideSolutionNode = FALSE
	EndGlobalSection
	GlobalSection(ExtensibilityGlobals) = postSolution
		SolutionGuid = {BCC5713E-2E43-4DA8-A0E7-031089EBFD51}
	EndGlobalSection
EndGlobal
